
Microsoft Visual Studio Solution File, Format Version 12.00
# Visual Studio Version 17
VisualStudioVersion = 17.0.31903.59
MinimumVisualStudioVersion = 10.0.40219.1
Project("{2150E333-8FDC-42A3-9474-1A3956D46DE8}") = "src", "src", "{5644A063-4020-4FB3-8990-4101FBC6E262}"
EndProject
Project("{FAE04EC0-301F-11D3-BF4B-00C04F79EFBC}") = "Amqp0_9_1", "src\Amqp0_9_1\Amqp0_9_1.csproj", "{6E7356C7-E51B-4195-89C6-70D4D60B4292}"
EndProject
Project("{2150E333-8FDC-42A3-9474-1A3956D46DE8}") = "tests", "tests", "{043663AC-484E-4B84-B7FB-54B6D5571DF8}"
EndProject
Project("{FAE04EC0-301F-11D3-BF4B-00C04F79EFBC}") = "Amqp0_9_1.Unit", "tests\Amqp0_9_1.Unit\Amqp0_9_1.Unit.csproj", "{8DF3B544-37F6-442B-8D60-A3F52353BA0B}"
EndProject
Global
	GlobalSection(SolutionConfigurationPlatforms) = preSolution
		Debug|Any CPU = Debug|Any CPU
		Release|Any CPU = Release|Any CPU
	EndGlobalSection
	GlobalSection(SolutionProperties) = preSolution
		HideSolutionNode = FALSE
	EndGlobalSection
	GlobalSection(ProjectConfigurationPlatforms) = postSolution
		{6E7356C7-E51B-4195-89C6-70D4D60B4292}.Debug|Any CPU.ActiveCfg = Debug|Any CPU
		{6E7356C7-E51B-4195-89C6-70D4D60B4292}.Debug|Any CPU.Build.0 = Debug|Any CPU
		{6E7356C7-E51B-4195-89C6-70D4D60B4292}.Release|Any CPU.ActiveCfg = Release|Any CPU
		{6E7356C7-E51B-4195-89C6-70D4D60B4292}.Release|Any CPU.Build.0 = Release|Any CPU
		{8DF3B544-37F6-442B-8D60-A3F52353BA0B}.Debug|Any CPU.ActiveCfg = Debug|Any CPU
		{8DF3B544-37F6-442B-8D60-A3F52353BA0B}.Debug|Any CPU.Build.0 = Debug|Any CPU
		{8DF3B544-37F6-442B-8D60-A3F52353BA0B}.Release|Any CPU.ActiveCfg = Release|Any CPU
		{8DF3B544-37F6-442B-8D60-A3F52353BA0B}.Release|Any CPU.Build.0 = Release|Any CPU
	EndGlobalSection
	GlobalSection(NestedProjects) = preSolution
		{6E7356C7-E51B-4195-89C6-70D4D60B4292} = {5644A063-4020-4FB3-8990-4101FBC6E262}
		{8DF3B544-37F6-442B-8D60-A3F52353BA0B} = {043663AC-484E-4B84-B7FB-54B6D5571DF8}
	EndGlobalSection
EndGlobal
