
Microsoft Visual Studio Solution File, Format Version 12.00
# Visual Studio Version 17
VisualStudioVersion = 17.5.2.0
MinimumVisualStudioVersion = 10.0.40219.1
Project("{2150E333-8FDC-42A3-9474-1A3956D46DE8}") = "src", "src", "{827E0CD3-B72D-47B6-A68D-7590B98EB39B}"
EndProject
Project("{FAE04EC0-301F-11D3-BF4B-00C04F79EFBC}") = "Amqp0_9_1", "src\Amqp0_9_1\Amqp0_9_1.csproj", "{B0555F9D-274F-499F-AAE3-A7EB11990AEA}"
EndProject
Project("{FAE04EC0-301F-11D3-BF4B-00C04F79EFBC}") = "console_test", "src\console_test\console_test.csproj", "{716F2ED4-CFA5-4171-8868-E52DE933897D}"
EndProject
Global
	GlobalSection(SolutionConfigurationPlatforms) = preSolution
		Debug|Any CPU = Debug|Any CPU
		Release|Any CPU = Release|Any CPU
	EndGlobalSection
	GlobalSection(ProjectConfigurationPlatforms) = postSolution
		{B0555F9D-274F-499F-AAE3-A7EB11990AEA}.Debug|Any CPU.ActiveCfg = Debug|Any CPU
		{B0555F9D-274F-499F-AAE3-A7EB11990AEA}.Debug|Any CPU.Build.0 = Debug|Any CPU
		{B0555F9D-274F-499F-AAE3-A7EB11990AEA}.Release|Any CPU.ActiveCfg = Release|Any CPU
		{B0555F9D-274F-499F-AAE3-A7EB11990AEA}.Release|Any CPU.Build.0 = Release|Any CPU
		{716F2ED4-CFA5-4171-8868-E52DE933897D}.Debug|Any CPU.ActiveCfg = Debug|Any CPU
		{716F2ED4-CFA5-4171-8868-E52DE933897D}.Debug|Any CPU.Build.0 = Debug|Any CPU
		{716F2ED4-CFA5-4171-8868-E52DE933897D}.Release|Any CPU.ActiveCfg = Release|Any CPU
		{716F2ED4-CFA5-4171-8868-E52DE933897D}.Release|Any CPU.Build.0 = Release|Any CPU
	EndGlobalSection
	GlobalSection(SolutionProperties) = preSolution
		HideSolutionNode = FALSE
	EndGlobalSection
	GlobalSection(NestedProjects) = preSolution
		{B0555F9D-274F-499F-AAE3-A7EB11990AEA} = {827E0CD3-B72D-47B6-A68D-7590B98EB39B}
		{716F2ED4-CFA5-4171-8868-E52DE933897D} = {827E0CD3-B72D-47B6-A68D-7590B98EB39B}
	EndGlobalSection
	GlobalSection(ExtensibilityGlobals) = postSolution
		SolutionGuid = {18D526DA-3296-4C0B-A34E-BE9EFC099CFF}
	EndGlobalSection
EndGlobal
